
Microsoft Visual Studio Solution File, Format Version 12.00
# Visual Studio Version 17
VisualStudioVersion = 17.12.35707.178 d17.12
MinimumVisualStudioVersion = 10.0.40219.1
Project("{FAE04EC0-301F-11D3-BF4B-00C04F79EFBC}") = "Feb25TurnUpPortal", "Feb25TurnUpPortal\Feb25TurnUpPortal.csproj", "{89F24FA4-FB4F-412C-B250-11B3990B648F}"
EndProject
Global
	GlobalSection(SolutionConfigurationPlatforms) = preSolution
		Debug|Any CPU = Debug|Any CPU
		Release|Any CPU = Release|Any CPU
	EndGlobalSection
	GlobalSection(ProjectConfigurationPlatforms) = postSolution
		{89F24FA4-FB4F-412C-B250-11B3990B648F}.Debug|Any CPU.ActiveCfg = Debug|Any CPU
		{89F24FA4-FB4F-412C-B250-11B3990B648F}.Debug|Any CPU.Build.0 = Debug|Any CPU
		{89F24FA4-FB4F-412C-B250-11B3990B648F}.Release|Any CPU.ActiveCfg = Release|Any CPU
		{89F24FA4-FB4F-412C-B250-11B3990B648F}.Release|Any CPU.Build.0 = Release|Any CPU
	EndGlobalSection
	GlobalSection(SolutionProperties) = preSolution
		HideSolutionNode = FALSE
	EndGlobalSection
EndGlobal
